{
  "name": "klipse-github-docs-generator",
  "version": "0.3.2",
  "lockfileVersion": 1,
  "requires": true,
  "dependencies": {
    "8fold-marked": {
      "version": "0.3.9",
      "resolved": "https://registry.npmjs.org/8fold-marked/-/8fold-marked-0.3.9.tgz",
      "integrity": "sha512-OmVTXzmvQk/WuVZnOa+sT6wpkLrkPrjYanXS3X0ib1yk6315iwuPmvwKkOOdpqznYmavyT2ZCDOo6MeFe4xSog=="
    }
  }
}
